
Microsoft Visual Studio Solution File, Format Version 12.00
# Visual Studio Version 17
VisualStudioVersion = 17.11.35312.102
MinimumVisualStudioVersion = 10.0.40219.1
Project("{FAE04EC0-301F-11D3-BF4B-00C04F79EFBC}") = "carpark-info-assignment", "carpark-info-assignment.csproj", "{6A65FB64-F533-4D6F-A40B-2BD401ABCB4D}"
EndProject
Global
	GlobalSection(SolutionConfigurationPlatforms) = preSolution
		Debug|Any CPU = Debug|Any CPU
		Release|Any CPU = Release|Any CPU
	EndGlobalSection
	GlobalSection(ProjectConfigurationPlatforms) = postSolution
		{6A65FB64-F533-4D6F-A40B-2BD401ABCB4D}.Debug|Any CPU.ActiveCfg = Debug|Any CPU
		{6A65FB64-F533-4D6F-A40B-2BD401ABCB4D}.Debug|Any CPU.Build.0 = Debug|Any CPU
		{6A65FB64-F533-4D6F-A40B-2BD401ABCB4D}.Release|Any CPU.ActiveCfg = Release|Any CPU
		{6A65FB64-F533-4D6F-A40B-2BD401ABCB4D}.Release|Any CPU.Build.0 = Release|Any CPU
	EndGlobalSection
	GlobalSection(SolutionProperties) = preSolution
		HideSolutionNode = FALSE
	EndGlobalSection
	GlobalSection(ExtensibilityGlobals) = postSolution
		SolutionGuid = {ACB6AEE3-181F-4487-B6C2-EABE3411797D}
	EndGlobalSection
EndGlobal
